{
  "originHash" : "865be41e6571d2b93f4fcb487181968afefbad6e4b801b3279ddf3323e54b7af",
  "pins" : [
    {
      "identity" : "swift-argument-parser",
      "kind" : "remoteSourceControl",
      "location" : "https://github.com/apple/swift-argument-parser",
      "state" : {
        "revision" : "309a47b2b1d9b5e991f36961c983ecec72275be3",
        "version" : "1.6.1"
      }
    },
    {
      "identity" : "swift-syntax",
      "kind" : "remoteSourceControl",
      "location" : "https://github.com/swiftlang/swift-syntax",
      "state" : {
        "revision" : "0687f71944021d616d34d922343dcef086855920",
        "version" : "600.0.1"
      }
    },
    {
      "identity" : "swiftgodot",
      "kind" : "remoteSourceControl",
      "location" : "https://github.com/elijah-semyonov/SwiftGodot",
      "state" : {
        "branch" : "registration-stage",
        "revision" : "0e23c13d177643358eb5d95259acfef47af7c8a8"
      }
    }
  ],
  "version" : 3
}
